
Microsoft Visual Studio Solution File, Format Version 12.00
# Visual Studio Version 17
VisualStudioVersion = 17.14.36212.18
MinimumVisualStudioVersion = 10.0.40219.1
Project("{FAE04EC0-301F-11D3-BF4B-00C04F79EFBC}") = "实验耗材及设备物资管理系统", "实验耗材及设备物资管理系统.csproj", "{5C737F76-9E78-42EE-B32B-0BBF431AEF29}"
EndProject
Project("{2150E333-8FDC-42A3-9474-1A3956D46DE8}") = "解决方案项", "解决方案项", "{9FA3D6BD-1EC1-3BA5-80CB-CE02773A58D5}"
EndProject
Global
	GlobalSection(SolutionConfigurationPlatforms) = preSolution
		Debug|Any CPU = Debug|Any CPU
		Release|Any CPU = Release|Any CPU
	EndGlobalSection
	GlobalSection(ProjectConfigurationPlatforms) = postSolution
		{5C737F76-9E78-42EE-B32B-0BBF431AEF29}.Debug|Any CPU.ActiveCfg = Debug|Any CPU
		{5C737F76-9E78-42EE-B32B-0BBF431AEF29}.Debug|Any CPU.Build.0 = Debug|Any CPU
		{5C737F76-9E78-42EE-B32B-0BBF431AEF29}.Release|Any CPU.ActiveCfg = Release|Any CPU
		{5C737F76-9E78-42EE-B32B-0BBF431AEF29}.Release|Any CPU.Build.0 = Release|Any CPU
	EndGlobalSection
	GlobalSection(SolutionProperties) = preSolution
		HideSolutionNode = FALSE
	EndGlobalSection
	GlobalSection(ExtensibilityGlobals) = postSolution
		SolutionGuid = {AEB0DF3C-5415-4A44-9E3B-9185E3410771}
	EndGlobalSection
EndGlobal
